// !$*UTF8*$!
{
	archiveVersion = 1;
	classes = {
	};
	objectVersion = 55;
	objects = {

/* Begin PBXBuildFile section */
		C873B7012874677100296873 /* AppDelegate.swift in Sources */ = {isa = PBXBuildFile; fileRef = C873B7002874677100296873 /* AppDelegate.swift */; };
		C873B70A2874677600296873 /* Assets.xcassets in Resources */ = {isa = PBXBuildFile; fileRef = C873B7092874677600296873 /* Assets.xcassets */; };
		C873B715287469AC00296873 /* MainTabBarViewController.swift in Sources */ = {isa = PBXBuildFile; fileRef = C873B714287469AC00296873 /* MainTabBarViewController.swift */; };
		C873B71A28746A5100296873 /* NetworkService.swift in Sources */ = {isa = PBXBuildFile; fileRef = C873B71928746A5100296873 /* NetworkService.swift */; };
		C873B71D28746C2300296873 /* UserGit.swift in Sources */ = {isa = PBXBuildFile; fileRef = C873B71C28746C2300296873 /* UserGit.swift */; };
		C873B721287479D300296873 /* UserListPresenter.swift in Sources */ = {isa = PBXBuildFile; fileRef = C873B720287479D300296873 /* UserListPresenter.swift */; };
		C873B72328747D9000296873 /* UserListViewController.swift in Sources */ = {isa = PBXBuildFile; fileRef = C873B72228747D9000296873 /* UserListViewController.swift */; };
		C873B7252874807800296873 /* UserTableViewCell.swift in Sources */ = {isa = PBXBuildFile; fileRef = C873B7242874807800296873 /* UserTableViewCell.swift */; };
		C873B728287482B600296873 /* UIView+Extension.swift in Sources */ = {isa = PBXBuildFile; fileRef = C873B727287482B600296873 /* UIView+Extension.swift */; };
		C873B72B28748F9300296873 /* ModuleBuilder.swift in Sources */ = {isa = PBXBuildFile; fileRef = C873B72A28748F9300296873 /* ModuleBuilder.swift */; };
		C873B72E2874914200296873 /* ImageLoader.swift in Sources */ = {isa = PBXBuildFile; fileRef = C873B72D2874914200296873 /* ImageLoader.swift */; };
		C873B7312875E4E900296873 /* UserDetailPresenter.swift in Sources */ = {isa = PBXBuildFile; fileRef = C873B7302875E4E900296873 /* UserDetailPresenter.swift */; };
		C873B7332875E7C100296873 /* UserDetailViewController.swift in Sources */ = {isa = PBXBuildFile; fileRef = C873B7322875E7C100296873 /* UserDetailViewController.swift */; };
		C873B7352875E85A00296873 /* UserDetailView.swift in Sources */ = {isa = PBXBuildFile; fileRef = C873B7342875E85A00296873 /* UserDetailView.swift */; };
		C873B7372875E91400296873 /* UserDetailView+Extension.swift in Sources */ = {isa = PBXBuildFile; fileRef = C873B7362875E91400296873 /* UserDetailView+Extension.swift */; };
		C873B7392875FAFC00296873 /* DetailUser.swift in Sources */ = {isa = PBXBuildFile; fileRef = C873B7382875FAFC00296873 /* DetailUser.swift */; };
		C873B73C2876E3C300296873 /* EmojisPresenter.swift in Sources */ = {isa = PBXBuildFile; fileRef = C873B73B2876E3C200296873 /* EmojisPresenter.swift */; };
		C873B73E2876E55D00296873 /* EmojisViewController.swift in Sources */ = {isa = PBXBuildFile; fileRef = C873B73D2876E55D00296873 /* EmojisViewController.swift */; };
		C873B7402876E5B000296873 /* EmojisColelctionViewCell.swift in Sources */ = {isa = PBXBuildFile; fileRef = C873B73F2876E5B000296873 /* EmojisColelctionViewCell.swift */; };
/* End PBXBuildFile section */

/* Begin PBXFileReference section */
		C873B6FD2874677100296873 /* UsersGit.app */ = {isa = PBXFileReference; explicitFileType = wrapper.application; includeInIndex = 0; path = UsersGit.app; sourceTree = BUILT_PRODUCTS_DIR; };
		C873B7002874677100296873 /* AppDelegate.swift */ = {isa = PBXFileReference; lastKnownFileType = sourcecode.swift; path = AppDelegate.swift; sourceTree = "<group>"; };
		C873B7092874677600296873 /* Assets.xcassets */ = {isa = PBXFileReference; lastKnownFileType = folder.assetcatalog; path = Assets.xcassets; sourceTree = "<group>"; };
		C873B70E2874677600296873 /* Info.plist */ = {isa = PBXFileReference; lastKnownFileType = text.plist.xml; path = Info.plist; sourceTree = "<group>"; };
		C873B714287469AC00296873 /* MainTabBarViewController.swift */ = {isa = PBXFileReference; lastKnownFileType = sourcecode.swift; path = MainTabBarViewController.swift; sourceTree = "<group>"; };
		C873B71928746A5100296873 /* NetworkService.swift */ = {isa = PBXFileReference; lastKnownFileType = sourcecode.swift; path = NetworkService.swift; sourceTree = "<group>"; };
		C873B71C28746C2300296873 /* UserGit.swift */ = {isa = PBXFileReference; lastKnownFileType = sourcecode.swift; path = UserGit.swift; sourceTree = "<group>"; };
		C873B720287479D300296873 /* UserListPresenter.swift */ = {isa = PBXFileReference; lastKnownFileType = sourcecode.swift; path = UserListPresenter.swift; sourceTree = "<group>"; };
		C873B72228747D9000296873 /* UserListViewController.swift */ = {isa = PBXFileReference; lastKnownFileType = sourcecode.swift; path = UserListViewController.swift; sourceTree = "<group>"; };
		C873B7242874807800296873 /* UserTableViewCell.swift */ = {isa = PBXFileReference; lastKnownFileType = sourcecode.swift; path = UserTableViewCell.swift; sourceTree = "<group>"; };
		C873B727287482B600296873 /* UIView+Extension.swift */ = {isa = PBXFileReference; lastKnownFileType = sourcecode.swift; path = "UIView+Extension.swift"; sourceTree = "<group>"; };
		C873B72A28748F9300296873 /* ModuleBuilder.swift */ = {isa = PBXFileReference; lastKnownFileType = sourcecode.swift; path = ModuleBuilder.swift; sourceTree = "<group>"; };
		C873B72D2874914200296873 /* ImageLoader.swift */ = {isa = PBXFileReference; lastKnownFileType = sourcecode.swift; path = ImageLoader.swift; sourceTree = "<group>"; };
		C873B7302875E4E900296873 /* UserDetailPresenter.swift */ = {isa = PBXFileReference; lastKnownFileType = sourcecode.swift; path = UserDetailPresenter.swift; sourceTree = "<group>"; };
		C873B7322875E7C100296873 /* UserDetailViewController.swift */ = {isa = PBXFileReference; lastKnownFileType = sourcecode.swift; path = UserDetailViewController.swift; sourceTree = "<group>"; };
		C873B7342875E85A00296873 /* UserDetailView.swift */ = {isa = PBXFileReference; lastKnownFileType = sourcecode.swift; path = UserDetailView.swift; sourceTree = "<group>"; };
		C873B7362875E91400296873 /* UserDetailView+Extension.swift */ = {isa = PBXFileReference; lastKnownFileType = sourcecode.swift; path = "UserDetailView+Extension.swift"; sourceTree = "<group>"; };
		C873B7382875FAFC00296873 /* DetailUser.swift */ = {isa = PBXFileReference; lastKnownFileType = sourcecode.swift; path = DetailUser.swift; sourceTree = "<group>"; };
		C873B73B2876E3C200296873 /* EmojisPresenter.swift */ = {isa = PBXFileReference; lastKnownFileType = sourcecode.swift; path = EmojisPresenter.swift; sourceTree = "<group>"; };
		C873B73D2876E55D00296873 /* EmojisViewController.swift */ = {isa = PBXFileReference; lastKnownFileType = sourcecode.swift; path = EmojisViewController.swift; sourceTree = "<group>"; };
		C873B73F2876E5B000296873 /* EmojisColelctionViewCell.swift */ = {isa = PBXFileReference; lastKnownFileType = sourcecode.swift; path = EmojisColelctionViewCell.swift; sourceTree = "<group>"; };
/* End PBXFileReference section */

/* Begin PBXFrameworksBuildPhase section */
		C873B6FA2874677100296873 /* Frameworks */ = {
			isa = PBXFrameworksBuildPhase;
			buildActionMask = 2147483647;
			files = (
			);
			runOnlyForDeploymentPostprocessing = 0;
		};
/* End PBXFrameworksBuildPhase section */

/* Begin PBXGroup section */
		C873B6F42874677100296873 = {
			isa = PBXGroup;
			children = (
				C873B6FF2874677100296873 /* UsersGit */,
				C873B6FE2874677100296873 /* Products */,
			);
			sourceTree = "<group>";
		};
		C873B6FE2874677100296873 /* Products */ = {
			isa = PBXGroup;
			children = (
				C873B6FD2874677100296873 /* UsersGit.app */,
			);
			name = Products;
			sourceTree = "<group>";
		};
		C873B6FF2874677100296873 /* UsersGit */ = {
			isa = PBXGroup;
			children = (
				C873B7412876F8FB00296873 /* TabBar */,
				C873B72C2874913300296873 /* Loaders */,
				C873B72928748F8300296873 /* Builders */,
				C873B726287482A700296873 /* Extensions */,
				C873B71E287472D700296873 /* Scenes */,
				C873B71B28746AA800296873 /* Model */,
				C873B71828746A3600296873 /* Resources */,
				C873B71728746A2700296873 /* NetworkLayer */,
				C873B71628746A1C00296873 /* ApplicationLayer */,
				C873B70E2874677600296873 /* Info.plist */,
			);
			path = UsersGit;
			sourceTree = "<group>";
		};
		C873B71628746A1C00296873 /* ApplicationLayer */ = {
			isa = PBXGroup;
			children = (
				C873B7002874677100296873 /* AppDelegate.swift */,
			);
			path = ApplicationLayer;
			sourceTree = "<group>";
		};
		C873B71728746A2700296873 /* NetworkLayer */ = {
			isa = PBXGroup;
			children = (
				C873B71928746A5100296873 /* NetworkService.swift */,
			);
			path = NetworkLayer;
			sourceTree = "<group>";
		};
		C873B71828746A3600296873 /* Resources */ = {
			isa = PBXGroup;
			children = (
				C873B7092874677600296873 /* Assets.xcassets */,
			);
			path = Resources;
			sourceTree = "<group>";
		};
		C873B71B28746AA800296873 /* Model */ = {
			isa = PBXGroup;
			children = (
				C873B71C28746C2300296873 /* UserGit.swift */,
				C873B7382875FAFC00296873 /* DetailUser.swift */,
			);
			path = Model;
			sourceTree = "<group>";
		};
		C873B71E287472D700296873 /* Scenes */ = {
			isa = PBXGroup;
			children = (
				C873B73A2876E3AC00296873 /* Emojis */,
				C873B72F2875E4D900296873 /* UserDetail */,
				C873B71F2874799500296873 /* UserList */,
			);
			path = Scenes;
			sourceTree = "<group>";
		};
		C873B71F2874799500296873 /* UserList */ = {
			isa = PBXGroup;
			children = (
				C873B720287479D300296873 /* UserListPresenter.swift */,
				C873B72228747D9000296873 /* UserListViewController.swift */,
				C873B7242874807800296873 /* UserTableViewCell.swift */,
			);
			path = UserList;
			sourceTree = "<group>";
		};
		C873B726287482A700296873 /* Extensions */ = {
			isa = PBXGroup;
			children = (
				C873B727287482B600296873 /* UIView+Extension.swift */,
			);
			path = Extensions;
			sourceTree = "<group>";
		};
		C873B72928748F8300296873 /* Builders */ = {
			isa = PBXGroup;
			children = (
				C873B72A28748F9300296873 /* ModuleBuilder.swift */,
			);
			path = Builders;
			sourceTree = "<group>";
		};
		C873B72C2874913300296873 /* Loaders */ = {
			isa = PBXGroup;
			children = (
				C873B72D2874914200296873 /* ImageLoader.swift */,
			);
			path = Loaders;
			sourceTree = "<group>";
		};
		C873B72F2875E4D900296873 /* UserDetail */ = {
			isa = PBXGroup;
			children = (
				C873B7302875E4E900296873 /* UserDetailPresenter.swift */,
				C873B7322875E7C100296873 /* UserDetailViewController.swift */,
				C873B7342875E85A00296873 /* UserDetailView.swift */,
				C873B7362875E91400296873 /* UserDetailView+Extension.swift */,
			);
			path = UserDetail;
			sourceTree = "<group>";
		};
		C873B73A2876E3AC00296873 /* Emojis */ = {
			isa = PBXGroup;
			children = (
				C873B73B2876E3C200296873 /* EmojisPresenter.swift */,
				C873B73D2876E55D00296873 /* EmojisViewController.swift */,
				C873B73F2876E5B000296873 /* EmojisColelctionViewCell.swift */,
			);
			path = Emojis;
			sourceTree = "<group>";
		};
		C873B7412876F8FB00296873 /* TabBar */ = {
			isa = PBXGroup;
			children = (
				C873B714287469AC00296873 /* MainTabBarViewController.swift */,
			);
			path = TabBar;
			sourceTree = "<group>";
		};
/* End PBXGroup section */

/* Begin PBXNativeTarget section */
		C873B6FC2874677100296873 /* UsersGit */ = {
			isa = PBXNativeTarget;
			buildConfigurationList = C873B7112874677600296873 /* Build configuration list for PBXNativeTarget "UsersGit" */;
			buildPhases = (
				C873B6F92874677100296873 /* Sources */,
				C873B6FA2874677100296873 /* Frameworks */,
				C873B6FB2874677100296873 /* Resources */,
			);
			buildRules = (
			);
			dependencies = (
			);
			name = UsersGit;
			productName = UsersGit;
			productReference = C873B6FD2874677100296873 /* UsersGit.app */;
			productType = "com.apple.product-type.application";
		};
/* End PBXNativeTarget section */

/* Begin PBXProject section */
		C873B6F52874677100296873 /* Project object */ = {
			isa = PBXProject;
			attributes = {
				BuildIndependentTargetsInParallel = 1;
				LastSwiftUpdateCheck = 1320;
				LastUpgradeCheck = 1320;
				TargetAttributes = {
					C873B6FC2874677100296873 = {
						CreatedOnToolsVersion = 13.2.1;
					};
				};
			};
			buildConfigurationList = C873B6F82874677100296873 /* Build configuration list for PBXProject "UsersGit" */;
			compatibilityVersion = "Xcode 13.0";
			developmentRegion = en;
			hasScannedForEncodings = 0;
			knownRegions = (
				en,
				Base,
			);
			mainGroup = C873B6F42874677100296873;
			productRefGroup = C873B6FE2874677100296873 /* Products */;
			projectDirPath = "";
			projectRoot = "";
			targets = (
				C873B6FC2874677100296873 /* UsersGit */,
			);
		};
/* End PBXProject section */

/* Begin PBXResourcesBuildPhase section */
		C873B6FB2874677100296873 /* Resources */ = {
			isa = PBXResourcesBuildPhase;
			buildActionMask = 2147483647;
			files = (
				C873B70A2874677600296873 /* Assets.xcassets in Resources */,
			);
			runOnlyForDeploymentPostprocessing = 0;
		};
/* End PBXResourcesBuildPhase section */

/* Begin PBXSourcesBuildPhase section */
		C873B6F92874677100296873 /* Sources */ = {
			isa = PBXSourcesBuildPhase;
			buildActionMask = 2147483647;
			files = (
				C873B715287469AC00296873 /* MainTabBarViewController.swift in Sources */,
				C873B71A28746A5100296873 /* NetworkService.swift in Sources */,
				C873B7332875E7C100296873 /* UserDetailViewController.swift in Sources */,
				C873B72E2874914200296873 /* ImageLoader.swift in Sources */,
				C873B7372875E91400296873 /* UserDetailView+Extension.swift in Sources */,
				C873B7352875E85A00296873 /* UserDetailView.swift in Sources */,
				C873B728287482B600296873 /* UIView+Extension.swift in Sources */,
				C873B7392875FAFC00296873 /* DetailUser.swift in Sources */,
				C873B73E2876E55D00296873 /* EmojisViewController.swift in Sources */,
				C873B7402876E5B000296873 /* EmojisColelctionViewCell.swift in Sources */,
				C873B7312875E4E900296873 /* UserDetailPresenter.swift in Sources */,
				C873B7252874807800296873 /* UserTableViewCell.swift in Sources */,
				C873B7012874677100296873 /* AppDelegate.swift in Sources */,
				C873B72B28748F9300296873 /* ModuleBuilder.swift in Sources */,
				C873B721287479D300296873 /* UserListPresenter.swift in Sources */,
				C873B71D28746C2300296873 /* UserGit.swift in Sources */,
				C873B72328747D9000296873 /* UserListViewController.swift in Sources */,
				C873B73C2876E3C300296873 /* EmojisPresenter.swift in Sources */,
			);
			runOnlyForDeploymentPostprocessing = 0;
		};
/* End PBXSourcesBuildPhase section */

/* Begin XCBuildConfiguration section */
		C873B70F2874677600296873 /* Debug */ = {
			isa = XCBuildConfiguration;
			buildSettings = {
				ALWAYS_SEARCH_USER_PATHS = NO;
				CLANG_ANALYZER_NONNULL = YES;
				CLANG_ANALYZER_NUMBER_OBJECT_CONVERSION = YES_AGGRESSIVE;
				CLANG_CXX_LANGUAGE_STANDARD = "gnu++17";
				CLANG_CXX_LIBRARY = "libc++";
				CLANG_ENABLE_MODULES = YES;
				CLANG_ENABLE_OBJC_ARC = YES;
				CLANG_ENABLE_OBJC_WEAK = YES;
				CLANG_WARN_BLOCK_CAPTURE_AUTORELEASING = YES;
				CLANG_WARN_BOOL_CONVERSION = YES;
				CLANG_WARN_COMMA = YES;
				CLANG_WARN_CONSTANT_CONVERSION = YES;
				CLANG_WARN_DEPRECATED_OBJC_IMPLEMENTATIONS = YES;
				CLANG_WARN_DIRECT_OBJC_ISA_USAGE = YES_ERROR;
				CLANG_WARN_DOCUMENTATION_COMMENTS = YES;
				CLANG_WARN_EMPTY_BODY = YES;
				CLANG_WARN_ENUM_CONVERSION = YES;
				CLANG_WARN_INFINITE_RECURSION = YES;
				CLANG_WARN_INT_CONVERSION = YES;
				CLANG_WARN_NON_LITERAL_NULL_CONVERSION = YES;
				CLANG_WARN_OBJC_IMPLICIT_RETAIN_SELF = YES;
				CLANG_WARN_OBJC_LITERAL_CONVERSION = YES;
				CLANG_WARN_OBJC_ROOT_CLASS = YES_ERROR;
				CLANG_WARN_QUOTED_INCLUDE_IN_FRAMEWORK_HEADER = YES;
				CLANG_WARN_RANGE_LOOP_ANALYSIS = YES;
				CLANG_WARN_STRICT_PROTOTYPES = YES;
				CLANG_WARN_SUSPICIOUS_MOVE = YES;
				CLANG_WARN_UNGUARDED_AVAILABILITY = YES_AGGRESSIVE;
				CLANG_WARN_UNREACHABLE_CODE = YES;
				CLANG_WARN__DUPLICATE_METHOD_MATCH = YES;
				COPY_PHASE_STRIP = NO;
				DEBUG_INFORMATION_FORMAT = dwarf;
				ENABLE_STRICT_OBJC_MSGSEND = YES;
				ENABLE_TESTABILITY = YES;
				GCC_C_LANGUAGE_STANDARD = gnu11;
				GCC_DYNAMIC_NO_PIC = NO;
				GCC_NO_COMMON_BLOCKS = YES;
				GCC_OPTIMIZATION_LEVEL = 0;
				GCC_PREPROCESSOR_DEFINITIONS = (
					"DEBUG=1",
					"$(inherited)",
				);
				GCC_WARN_64_TO_32_BIT_CONVERSION = YES;
				GCC_WARN_ABOUT_RETURN_TYPE = YES_ERROR;
				GCC_WARN_UNDECLARED_SELECTOR = YES;
				GCC_WARN_UNINITIALIZED_AUTOS = YES_AGGRESSIVE;
				GCC_WARN_UNUSED_FUNCTION = YES;
				GCC_WARN_UNUSED_VARIABLE = YES;
				IPHONEOS_DEPLOYMENT_TARGET = 15.2;
				MTL_ENABLE_DEBUG_INFO = INCLUDE_SOURCE;
				MTL_FAST_MATH = YES;
				ONLY_ACTIVE_ARCH = YES;
				SDKROOT = iphoneos;
				SWIFT_ACTIVE_COMPILATION_CONDITIONS = DEBUG;
				SWIFT_OPTIMIZATION_LEVEL = "-Onone";
			};
			name = Debug;
		};
		C873B7102874677600296873 /* Release */ = {
			isa = XCBuildConfiguration;
			buildSettings = {
				ALWAYS_SEARCH_USER_PATHS = NO;
				CLANG_ANALYZER_NONNULL = YES;
				CLANG_ANALYZER_NUMBER_OBJECT_CONVERSION = YES_AGGRESSIVE;
				CLANG_CXX_LANGUAGE_STANDARD = "gnu++17";
				CLANG_CXX_LIBRARY = "libc++";
				CLANG_ENABLE_MODULES = YES;
				CLANG_ENABLE_OBJC_ARC = YES;
				CLANG_ENABLE_OBJC_WEAK = YES;
				CLANG_WARN_BLOCK_CAPTURE_AUTORELEASING = YES;
				CLANG_WARN_BOOL_CONVERSION = YES;
				CLANG_WARN_COMMA = YES;
				CLANG_WARN_CONSTANT_CONVERSION = YES;
				CLANG_WARN_DEPRECATED_OBJC_IMPLEMENTATIONS = YES;
				CLANG_WARN_DIRECT_OBJC_ISA_USAGE = YES_ERROR;
				CLANG_WARN_DOCUMENTATION_COMMENTS = YES;
				CLANG_WARN_EMPTY_BODY = YES;
				CLANG_WARN_ENUM_CONVERSION = YES;
				CLANG_WARN_INFINITE_RECURSION = YES;
				CLANG_WARN_INT_CONVERSION = YES;
				CLANG_WARN_NON_LITERAL_NULL_CONVERSION = YES;
				CLANG_WARN_OBJC_IMPLICIT_RETAIN_SELF = YES;
				CLANG_WARN_OBJC_LITERAL_CONVERSION = YES;
				CLANG_WARN_OBJC_ROOT_CLASS = YES_ERROR;
				CLANG_WARN_QUOTED_INCLUDE_IN_FRAMEWORK_HEADER = YES;
				CLANG_WARN_RANGE_LOOP_ANALYSIS = YES;
				CLANG_WARN_STRICT_PROTOTYPES = YES;
				CLANG_WARN_SUSPICIOUS_MOVE = YES;
				CLANG_WARN_UNGUARDED_AVAILABILITY = YES_AGGRESSIVE;
				CLANG_WARN_UNREACHABLE_CODE = YES;
				CLANG_WARN__DUPLICATE_METHOD_MATCH = YES;
				COPY_PHASE_STRIP = NO;
				DEBUG_INFORMATION_FORMAT = "dwarf-with-dsym";
				ENABLE_NS_ASSERTIONS = NO;
				ENABLE_STRICT_OBJC_MSGSEND = YES;
				GCC_C_LANGUAGE_STANDARD = gnu11;
				GCC_NO_COMMON_BLOCKS = YES;
				GCC_WARN_64_TO_32_BIT_CONVERSION = YES;
				GCC_WARN_ABOUT_RETURN_TYPE = YES_ERROR;
				GCC_WARN_UNDECLARED_SELECTOR = YES;
				GCC_WARN_UNINITIALIZED_AUTOS = YES_AGGRESSIVE;
				GCC_WARN_UNUSED_FUNCTION = YES;
				GCC_WARN_UNUSED_VARIABLE = YES;
				IPHONEOS_DEPLOYMENT_TARGET = 15.2;
				MTL_ENABLE_DEBUG_INFO = NO;
				MTL_FAST_MATH = YES;
				SDKROOT = iphoneos;
				SWIFT_COMPILATION_MODE = wholemodule;
				SWIFT_OPTIMIZATION_LEVEL = "-O";
				VALIDATE_PRODUCT = YES;
			};
			name = Release;
		};
		C873B7122874677600296873 /* Debug */ = {
			isa = XCBuildConfiguration;
			buildSettings = {
				ASSETCATALOG_COMPILER_APPICON_NAME = AppIcon;
				ASSETCATALOG_COMPILER_GLOBAL_ACCENT_COLOR_NAME = AccentColor;
				CODE_SIGN_STYLE = Automatic;
				CURRENT_PROJECT_VERSION = 1;
				GENERATE_INFOPLIST_FILE = YES;
				INFOPLIST_FILE = UsersGit/Info.plist;
				INFOPLIST_KEY_UIApplicationSupportsIndirectInputEvents = YES;
				INFOPLIST_KEY_UILaunchStoryboardName = LaunchScreen;
				INFOPLIST_KEY_UISupportedInterfaceOrientations_iPad = "UIInterfaceOrientationPortrait UIInterfaceOrientationPortraitUpsideDown UIInterfaceOrientationLandscapeLeft UIInterfaceOrientationLandscapeRight";
				INFOPLIST_KEY_UISupportedInterfaceOrientations_iPhone = "UIInterfaceOrientationPortrait UIInterfaceOrientationLandscapeLeft UIInterfaceOrientationLandscapeRight";
				IPHONEOS_DEPLOYMENT_TARGET = 12.0;
				LD_RUNPATH_SEARCH_PATHS = (
					"$(inherited)",
					"@executable_path/Frameworks",
				);
				MARKETING_VERSION = 1.0;
				PRODUCT_BUNDLE_IDENTIFIER = sis.UsersGit;
				PRODUCT_NAME = "$(TARGET_NAME)";
				SWIFT_EMIT_LOC_STRINGS = YES;
				SWIFT_VERSION = 5.0;
				TARGETED_DEVICE_FAMILY = "1,2";
			};
			name = Debug;
		};
		C873B7132874677600296873 /* Release */ = {
			isa = XCBuildConfiguration;
			buildSettings = {
				ASSETCATALOG_COMPILER_APPICON_NAME = AppIcon;
				ASSETCATALOG_COMPILER_GLOBAL_ACCENT_COLOR_NAME = AccentColor;
				CODE_SIGN_STYLE = Automatic;
				CURRENT_PROJECT_VERSION = 1;
				GENERATE_INFOPLIST_FILE = YES;
				INFOPLIST_FILE = UsersGit/Info.plist;
				INFOPLIST_KEY_UIApplicationSupportsIndirectInputEvents = YES;
				INFOPLIST_KEY_UILaunchStoryboardName = LaunchScreen;
				INFOPLIST_KEY_UISupportedInterfaceOrientations_iPad = "UIInterfaceOrientationPortrait UIInterfaceOrientationPortraitUpsideDown UIInterfaceOrientationLandscapeLeft UIInterfaceOrientationLandscapeRight";
				INFOPLIST_KEY_UISupportedInterfaceOrientations_iPhone = "UIInterfaceOrientationPortrait UIInterfaceOrientationLandscapeLeft UIInterfaceOrientationLandscapeRight";
				IPHONEOS_DEPLOYMENT_TARGET = 12.0;
				LD_RUNPATH_SEARCH_PATHS = (
					"$(inherited)",
					"@executable_path/Frameworks",
				);
				MARKETING_VERSION = 1.0;
				PRODUCT_BUNDLE_IDENTIFIER = sis.UsersGit;
				PRODUCT_NAME = "$(TARGET_NAME)";
				SWIFT_EMIT_LOC_STRINGS = YES;
				SWIFT_VERSION = 5.0;
				TARGETED_DEVICE_FAMILY = "1,2";
			};
			name = Release;
		};
/* End XCBuildConfiguration section */

/* Begin XCConfigurationList section */
		C873B6F82874677100296873 /* Build configuration list for PBXProject "UsersGit" */ = {
			isa = XCConfigurationList;
			buildConfigurations = (
				C873B70F2874677600296873 /* Debug */,
				C873B7102874677600296873 /* Release */,
			);
			defaultConfigurationIsVisible = 0;
			defaultConfigurationName = Release;
		};
		C873B7112874677600296873 /* Build configuration list for PBXNativeTarget "UsersGit" */ = {
			isa = XCConfigurationList;
			buildConfigurations = (
				C873B7122874677600296873 /* Debug */,
				C873B7132874677600296873 /* Release */,
			);
			defaultConfigurationIsVisible = 0;
			defaultConfigurationName = Release;
		};
/* End XCConfigurationList section */
	};
	rootObject = C873B6F52874677100296873 /* Project object */;
}
